
Microsoft Visual Studio Solution File, Format Version 12.00
# Visual Studio Version 16
VisualStudioVersion = 16.0.29806.167
MinimumVisualStudioVersion = 10.0.40219.1
Project("{FAE04EC0-301F-11D3-BF4B-00C04F79EFBC}") = "AutoMapper", "AutoMapper\AutoMapper.csproj", "{AB844481-6604-4A89-9256-EB740320DF24}"
EndProject
Global
	GlobalSection(SolutionConfigurationPlatforms) = preSolution
		Debug|Any CPU = Debug|Any CPU
		Release|Any CPU = Release|Any CPU
	EndGlobalSection
	GlobalSection(ProjectConfigurationPlatforms) = postSolution
		{AB844481-6604-4A89-9256-EB740320DF24}.Debug|Any CPU.ActiveCfg = Debug|Any CPU
		{AB844481-6604-4A89-9256-EB740320DF24}.Debug|Any CPU.Build.0 = Debug|Any CPU
		{AB844481-6604-4A89-9256-EB740320DF24}.Release|Any CPU.ActiveCfg = Release|Any CPU
		{AB844481-6604-4A89-9256-EB740320DF24}.Release|Any CPU.Build.0 = Release|Any CPU
	EndGlobalSection
	GlobalSection(SolutionProperties) = preSolution
		HideSolutionNode = FALSE
	EndGlobalSection
	GlobalSection(ExtensibilityGlobals) = postSolution
		SolutionGuid = {253DED0A-0C08-4B6E-8862-C991F4E6776E}
	EndGlobalSection
EndGlobal
